
Microsoft Visual Studio Solution File, Format Version 12.00
# Visual Studio Version 17
VisualStudioVersion = 17.11.35222.181
MinimumVisualStudioVersion = 10.0.40219.1
Project("{FAE04EC0-301F-11D3-BF4B-00C04F79EFBC}") = "FinalProject", "FinalProject\FinalProject.csproj", "{7AB164CD-1AC2-42BD-91A3-57CC271CA776}"
EndProject
Global
	GlobalSection(SolutionConfigurationPlatforms) = preSolution
		Debug|Any CPU = Debug|Any CPU
		Release|Any CPU = Release|Any CPU
	EndGlobalSection
	GlobalSection(ProjectConfigurationPlatforms) = postSolution
		{7AB164CD-1AC2-42BD-91A3-57CC271CA776}.Debug|Any CPU.ActiveCfg = Debug|Any CPU
		{7AB164CD-1AC2-42BD-91A3-57CC271CA776}.Debug|Any CPU.Build.0 = Debug|Any CPU
		{7AB164CD-1AC2-42BD-91A3-57CC271CA776}.Release|Any CPU.ActiveCfg = Release|Any CPU
		{7AB164CD-1AC2-42BD-91A3-57CC271CA776}.Release|Any CPU.Build.0 = Release|Any CPU
	EndGlobalSection
	GlobalSection(SolutionProperties) = preSolution
		HideSolutionNode = FALSE
	EndGlobalSection
	GlobalSection(ExtensibilityGlobals) = postSolution
		SolutionGuid = {216E1679-E48A-414E-BF75-1C7A9A717ABA}
	EndGlobalSection
EndGlobal
